# This file is autogenerated, do not edit; changes may be undone by the next 'dep ensure'.


[[projects]]
  name = "github.com/coreos/etcd"
  packages = ["client","pkg/pathutil","pkg/srv","pkg/types","version"]
  revision = "694728c496e22dfa5719c78ff23cc982e15bcb2f"
  version = "v3.2.10"

[[projects]]
  name = "github.com/coreos/go-semver"
  packages = ["semver"]
  revision = "8ab6407b697782a06568d4b7f1db25550ec2e4c6"
  version = "v0.2.0"

[[projects]]
  branch = "master"
  name = "github.com/hermosa-circulo/iga-controller"
  packages = ["iga"]
  revision = "56be0ebef7bf6090758b8d7d49cdcedd5f5fc597"

[[projects]]
  name = "github.com/julienschmidt/httprouter"
  packages = ["."]
  revision = "8c199fb6259ffc1af525cc3ad52ee60ba8359669"
  version = "v1.1"

[[projects]]
  branch = "master"
  name = "github.com/ugorji/go"
  packages = ["codec"]
  revision = "50329c0f550792d7ec08500e25948b4de2560f68"

[[projects]]
  branch = "master"
  name = "golang.org/x/net"
  packages = ["context"]
  revision = "9dfe39835686865bff950a07b394c12a98ddc811"

[solve-meta]
  analyzer-name = "dep"
  analyzer-version = 1
  inputs-digest = "61ab982048eb0a2ce33e0181c9c953f4e7bb36b781e1e5773f69b731ae754431"
  solver-name = "gps-cdcl"
  solver-version = 1
